
Microsoft Visual Studio Solution File, Format Version 12.00
# Visual Studio Version 17
VisualStudioVersion = 17.13.35931.197 d17.13
MinimumVisualStudioVersion = 10.0.40219.1
Project("{FAE04EC0-301F-11D3-BF4B-00C04F79EFBC}") = "Flower.App", "Flower.App\Flower.App.csproj", "{33665092-5310-8212-02F1-CDF156C5A996}"
EndProject
Project("{FAE04EC0-301F-11D3-BF4B-00C04F79EFBC}") = "Flower.App.Desktop", "Flower.App.Desktop\Flower.App.Desktop.csproj", "{6F003598-9446-2E78-2569-EB7747B9F142}"
EndProject
Project("{FAE04EC0-301F-11D3-BF4B-00C04F79EFBC}") = "Flower.Core", "Flower.Core\Flower.Core.csproj", "{F162B2BD-F990-4149-B541-F30E10F1500F}"
EndProject
Project("{FAE04EC0-301F-11D3-BF4B-00C04F79EFBC}") = "Flower.Infrastructure", "Flower.Infrastructure\Flower.Infrastructure.csproj", "{2D79D64E-F0A0-4C37-BBCD-BFEF91F0EB88}"
EndProject
Project("{FAE04EC0-301F-11D3-BF4B-00C04F79EFBC}") = "Flower.Tests", "Flower.Tests\Flower.Tests.csproj", "{1CBD07AA-9F57-4D85-9417-BFB81F54B513}"
EndProject
Global
	GlobalSection(SolutionConfigurationPlatforms) = preSolution
		Debug|Any CPU = Debug|Any CPU
		Release|Any CPU = Release|Any CPU
	EndGlobalSection
	GlobalSection(ProjectConfigurationPlatforms) = postSolution
		{33665092-5310-8212-02F1-CDF156C5A996}.Debug|Any CPU.ActiveCfg = Debug|Any CPU
		{33665092-5310-8212-02F1-CDF156C5A996}.Debug|Any CPU.Build.0 = Debug|Any CPU
		{33665092-5310-8212-02F1-CDF156C5A996}.Release|Any CPU.ActiveCfg = Release|Any CPU
		{33665092-5310-8212-02F1-CDF156C5A996}.Release|Any CPU.Build.0 = Release|Any CPU
		{6F003598-9446-2E78-2569-EB7747B9F142}.Debug|Any CPU.ActiveCfg = Debug|Any CPU
		{6F003598-9446-2E78-2569-EB7747B9F142}.Debug|Any CPU.Build.0 = Debug|Any CPU
		{6F003598-9446-2E78-2569-EB7747B9F142}.Release|Any CPU.ActiveCfg = Release|Any CPU
		{6F003598-9446-2E78-2569-EB7747B9F142}.Release|Any CPU.Build.0 = Release|Any CPU
		{F162B2BD-F990-4149-B541-F30E10F1500F}.Debug|Any CPU.ActiveCfg = Debug|Any CPU
		{F162B2BD-F990-4149-B541-F30E10F1500F}.Debug|Any CPU.Build.0 = Debug|Any CPU
		{F162B2BD-F990-4149-B541-F30E10F1500F}.Release|Any CPU.ActiveCfg = Release|Any CPU
		{F162B2BD-F990-4149-B541-F30E10F1500F}.Release|Any CPU.Build.0 = Release|Any CPU
		{2D79D64E-F0A0-4C37-BBCD-BFEF91F0EB88}.Debug|Any CPU.ActiveCfg = Debug|Any CPU
		{2D79D64E-F0A0-4C37-BBCD-BFEF91F0EB88}.Debug|Any CPU.Build.0 = Debug|Any CPU
		{2D79D64E-F0A0-4C37-BBCD-BFEF91F0EB88}.Release|Any CPU.ActiveCfg = Release|Any CPU
		{2D79D64E-F0A0-4C37-BBCD-BFEF91F0EB88}.Release|Any CPU.Build.0 = Release|Any CPU
		{1CBD07AA-9F57-4D85-9417-BFB81F54B513}.Debug|Any CPU.ActiveCfg = Debug|Any CPU
		{1CBD07AA-9F57-4D85-9417-BFB81F54B513}.Debug|Any CPU.Build.0 = Debug|Any CPU
		{1CBD07AA-9F57-4D85-9417-BFB81F54B513}.Release|Any CPU.ActiveCfg = Release|Any CPU
		{1CBD07AA-9F57-4D85-9417-BFB81F54B513}.Release|Any CPU.Build.0 = Release|Any CPU
	EndGlobalSection
	GlobalSection(SolutionProperties) = preSolution
		HideSolutionNode = FALSE
	EndGlobalSection
	GlobalSection(ExtensibilityGlobals) = postSolution
		SolutionGuid = {4D4C9DB2-C57C-4953-8C55-61CC9A4B958C}
	EndGlobalSection
EndGlobal
